{
  "version": 4,
  "terraform_version": "1.2.4",
  "serial": 3,
  "lineage": "4486b751-c512-7e09-d19f-66f344dd767e",
  "outputs": {
    "all": {
      "value": {
        "created": "2022-08-02T19:37:57.183Z",
        "default_service_status_type_name": "Active",
        "description": "Test",
        "id": "2069",
        "is_active": true,
        "is_inclusive_taxes": false,
        "is_tax_exempt": false,
        "name": "KBTEST64",
        "service_base_type_name": "Recurring Charge",
        "service_category_name": "Default",
        "service_type_name": "Recurring Service"
      },
      "type": [
        "object",
        {
          "created": "string",
          "default_service_status_type_name": "string",
          "description": "string",
          "id": "string",
          "is_active": "bool",
          "is_inclusive_taxes": "bool",
          "is_tax_exempt": "bool",
          "name": "string",
          "service_base_type_name": "string",
          "service_category_name": "string",
          "service_type_name": "string"
        }
      ]
    },
    "one": {
      "value": {
        "created": null,
        "default_service_status_type_id": null,
        "default_service_status_type_name": null,
        "description": null,
        "id": null,
        "identity": null,
        "is_active": null,
        "is_inclusive_taxes": null,
        "is_tax_exempt": null,
        "name": null,
        "service_base_id": null,
        "service_base_name": null,
        "service_category_id": null,
        "service_category_name": null,
        "service_type_id": null,
        "service_type_name": null,
        "tracking_id": null,
        "usage_frequency": null,
        "usage_frequency_type_id": null,
        "usage_frequency_type_name": null
      },
      "type": [
        "object",
        {
          "created": "string",
          "default_service_status_type_id": "number",
          "default_service_status_type_name": "string",
          "description": "string",
          "id": "number",
          "identity": "number",
          "is_active": "bool",
          "is_inclusive_taxes": "bool",
          "is_tax_exempt": "bool",
          "name": "string",
          "service_base_id": "number",
          "service_base_name": "string",
          "service_category_id": "number",
          "service_category_name": "number",
          "service_type_id": "number",
          "service_type_name": "string",
          "tracking_id": "string",
          "usage_frequency": "number",
          "usage_frequency_type_id": "number",
          "usage_frequency_type_name": "string"
        }
      ]
    }
  },
  "resources": [
    {
      "mode": "data",
      "type": "logiprovider_service",
      "name": "one",
      "provider": "provider[\"logisense.com/service/logiprovider\"]",
      "instances": [
        {
          "schema_version": 0,
          "attributes": {
            "created": null,
            "default_service_status_type_id": null,
            "default_service_status_type_name": null,
            "description": null,
            "id": null,
            "identity": null,
            "is_active": null,
            "is_inclusive_taxes": null,
            "is_tax_exempt": null,
            "name": null,
            "service_base_id": null,
            "service_base_name": null,
            "service_category_id": null,
            "service_category_name": null,
            "service_type_id": null,
            "service_type_name": null,
            "tracking_id": null,
            "usage_frequency": null,
            "usage_frequency_type_id": null,
            "usage_frequency_type_name": null
          },
          "sensitive_attributes": []
        }
      ]
    },
    {
      "mode": "managed",
      "type": "logiprovider_service",
      "name": "all",
      "provider": "provider[\"logisense.com/service/logiprovider\"]",
      "instances": [
        {
          "schema_version": 0,
          "attributes": {
            "created": "2022-08-02T19:37:57.183Z",
            "default_service_status_type_name": "Active",
            "description": "Test",
            "id": "2069",
            "is_active": true,
            "is_inclusive_taxes": false,
            "is_tax_exempt": false,
            "name": "KBTEST64",
            "service_base_type_name": "Recurring Charge",
            "service_category_name": "Default",
            "service_type_name": "Recurring Service"
          },
          "sensitive_attributes": [],
          "private": "bnVsbA=="
        }
      ]
    }
  ]
}
