{
  "version": 4,
  "terraform_version": "1.2.4",
  "serial": 2,
  "lineage": "5d870037-f905-1ac1-8ed4-92a6bb313bb0",
  "outputs": {
    "all": {
      "value": {
        "created": "2022-08-02T17:40:12.72Z",
        "default_service_status_type_name": "Active",
        "description": "Test",
        "id": "2066",
        "is_active": true,
        "is_inclusive_taxes": false,
        "is_tax_exempt": false,
        "last_updated": "2022-08-02T17:40:12.72Z",
        "name": "KBTEST60",
        "service_base_type_name": "Recurring Charge",
        "service_category_name": "Default",
        "service_type_name": "Recurring Service"
      },
      "type": [
        "object",
        {
          "created": "string",
          "default_service_status_type_name": "string",
          "description": "string",
          "id": "string",
          "is_active": "bool",
          "is_inclusive_taxes": "bool",
          "is_tax_exempt": "bool",
          "last_updated": "string",
          "name": "string",
          "service_base_type_name": "string",
          "service_category_name": "string",
          "service_type_name": "string"
        }
      ]
    }
  },
  "resources": [
    {
      "mode": "managed",
      "type": "logiprovider_service",
      "name": "all",
      "provider": "provider[\"logisense.com/service/logiprovider\"]",
      "instances": [
        {
          "schema_version": 0,
          "attributes": {
            "created": "2022-08-02T17:40:12.72Z",
            "default_service_status_type_name": "Active",
            "description": "Test",
            "id": "2066",
            "is_active": true,
            "is_inclusive_taxes": false,
            "is_tax_exempt": false,
            "last_updated": "2022-08-02T17:40:12.72Z",
            "name": "KBTEST60",
            "service_base_type_name": "Recurring Charge",
            "service_category_name": "Default",
            "service_type_name": "Recurring Service"
          },
          "sensitive_attributes": [],
          "private": "bnVsbA=="
        }
      ]
    }
  ]
}
